
Microsoft Visual Studio Solution File, Format Version 12.00
# Visual Studio 15
VisualStudioVersion = 15.0.28307.572
MinimumVisualStudioVersion = 10.0.40219.1
Project("{9A19103F-16F7-4668-BE54-9A1E7A4F7556}") = "CoreMyApp.WebUI", "CoreMyApp.WebUI\CoreMyApp.WebUI.csproj", "{8654BEA6-AAA1-4302-BD3F-E031D4296C61}"
EndProject
Project("{9A19103F-16F7-4668-BE54-9A1E7A4F7556}") = "CoreMyApp.Entities", "CoreMyApp.Entities\CoreMyApp.Entities.csproj", "{CB3A913E-951A-4EDF-B2F7-CC9EF2E36DAE}"
EndProject
Project("{9A19103F-16F7-4668-BE54-9A1E7A4F7556}") = "CoreMyApp.Business", "CoreMyApp.Business\CoreMyApp.Business.csproj", "{148C4ABC-ABA0-4E61-BEEB-1C00ACC2E074}"
EndProject
Project("{9A19103F-16F7-4668-BE54-9A1E7A4F7556}") = "CoreMyApp.Repository", "CoreMyApp.Repository\CoreMyApp.Repository.csproj", "{D088F991-1295-41A4-B6CC-2E4FEAC67A78}"
EndProject
Project("{9A19103F-16F7-4668-BE54-9A1E7A4F7556}") = "CoreMyApp.Test", "CoreMyApp.Test\CoreMyApp.Test.csproj", "{313D2AC5-CD26-417C-AB00-7CADC448DC78}"
EndProject
Project("{2150E333-8FDC-42A3-9474-1A3956D46DE8}") = "Core", "Core", "{9AA023CC-4688-4D9C-A4EA-487316F1916A}"
EndProject
Project("{9A19103F-16F7-4668-BE54-9A1E7A4F7556}") = "App.Core.Repository", "App.Core.Repository\App.Core.Repository.csproj", "{72CD8689-B666-44EC-8439-122D7D27A1F0}"
EndProject
Project("{9A19103F-16F7-4668-BE54-9A1E7A4F7556}") = "App.Core.Entity", "App.Core.Entity\App.Core.Entity.csproj", "{64152C78-DB2D-4238-A6B1-93825E9F11C2}"
EndProject
Project("{9A19103F-16F7-4668-BE54-9A1E7A4F7556}") = "App.Core.Dto", "App.Core.Dto\App.Core.Dto.csproj", "{51F0015F-C596-4C64-BA69-52CE839B1088}"
EndProject
Project("{9A19103F-16F7-4668-BE54-9A1E7A4F7556}") = "App.Core.Validator", "App.Core.Validator\App.Core.Validator.csproj", "{BA940FD5-3D86-487D-BB56-AF91779682F5}"
EndProject
Project("{FAE04EC0-301F-11D3-BF4B-00C04F79EFBC}") = "App.Core.DataAccess", "App.Core.DataAccess\App.Core.DataAccess.csproj", "{5C6D681C-2955-40F6-B766-716C935DE0C4}"
EndProject
Project("{FAE04EC0-301F-11D3-BF4B-00C04F79EFBC}") = "App.Core.Business", "App.Core.Business\App.Core.Business.csproj", "{8CA769DF-CC53-4C03-8D9E-B7D989B2E074}"
EndProject
Global
	GlobalSection(SolutionConfigurationPlatforms) = preSolution
		Debug|Any CPU = Debug|Any CPU
		Release|Any CPU = Release|Any CPU
	EndGlobalSection
	GlobalSection(ProjectConfigurationPlatforms) = postSolution
		{8654BEA6-AAA1-4302-BD3F-E031D4296C61}.Debug|Any CPU.ActiveCfg = Debug|Any CPU
		{8654BEA6-AAA1-4302-BD3F-E031D4296C61}.Debug|Any CPU.Build.0 = Debug|Any CPU
		{8654BEA6-AAA1-4302-BD3F-E031D4296C61}.Release|Any CPU.ActiveCfg = Release|Any CPU
		{8654BEA6-AAA1-4302-BD3F-E031D4296C61}.Release|Any CPU.Build.0 = Release|Any CPU
		{CB3A913E-951A-4EDF-B2F7-CC9EF2E36DAE}.Debug|Any CPU.ActiveCfg = Debug|Any CPU
		{CB3A913E-951A-4EDF-B2F7-CC9EF2E36DAE}.Debug|Any CPU.Build.0 = Debug|Any CPU
		{CB3A913E-951A-4EDF-B2F7-CC9EF2E36DAE}.Release|Any CPU.ActiveCfg = Release|Any CPU
		{CB3A913E-951A-4EDF-B2F7-CC9EF2E36DAE}.Release|Any CPU.Build.0 = Release|Any CPU
		{148C4ABC-ABA0-4E61-BEEB-1C00ACC2E074}.Debug|Any CPU.ActiveCfg = Debug|Any CPU
		{148C4ABC-ABA0-4E61-BEEB-1C00ACC2E074}.Debug|Any CPU.Build.0 = Debug|Any CPU
		{148C4ABC-ABA0-4E61-BEEB-1C00ACC2E074}.Release|Any CPU.ActiveCfg = Release|Any CPU
		{148C4ABC-ABA0-4E61-BEEB-1C00ACC2E074}.Release|Any CPU.Build.0 = Release|Any CPU
		{D088F991-1295-41A4-B6CC-2E4FEAC67A78}.Debug|Any CPU.ActiveCfg = Debug|Any CPU
		{D088F991-1295-41A4-B6CC-2E4FEAC67A78}.Debug|Any CPU.Build.0 = Debug|Any CPU
		{D088F991-1295-41A4-B6CC-2E4FEAC67A78}.Release|Any CPU.ActiveCfg = Release|Any CPU
		{D088F991-1295-41A4-B6CC-2E4FEAC67A78}.Release|Any CPU.Build.0 = Release|Any CPU
		{313D2AC5-CD26-417C-AB00-7CADC448DC78}.Debug|Any CPU.ActiveCfg = Debug|Any CPU
		{313D2AC5-CD26-417C-AB00-7CADC448DC78}.Debug|Any CPU.Build.0 = Debug|Any CPU
		{313D2AC5-CD26-417C-AB00-7CADC448DC78}.Release|Any CPU.ActiveCfg = Release|Any CPU
		{313D2AC5-CD26-417C-AB00-7CADC448DC78}.Release|Any CPU.Build.0 = Release|Any CPU
		{72CD8689-B666-44EC-8439-122D7D27A1F0}.Debug|Any CPU.ActiveCfg = Debug|Any CPU
		{72CD8689-B666-44EC-8439-122D7D27A1F0}.Debug|Any CPU.Build.0 = Debug|Any CPU
		{72CD8689-B666-44EC-8439-122D7D27A1F0}.Release|Any CPU.ActiveCfg = Release|Any CPU
		{72CD8689-B666-44EC-8439-122D7D27A1F0}.Release|Any CPU.Build.0 = Release|Any CPU
		{64152C78-DB2D-4238-A6B1-93825E9F11C2}.Debug|Any CPU.ActiveCfg = Debug|Any CPU
		{64152C78-DB2D-4238-A6B1-93825E9F11C2}.Debug|Any CPU.Build.0 = Debug|Any CPU
		{64152C78-DB2D-4238-A6B1-93825E9F11C2}.Release|Any CPU.ActiveCfg = Release|Any CPU
		{64152C78-DB2D-4238-A6B1-93825E9F11C2}.Release|Any CPU.Build.0 = Release|Any CPU
		{51F0015F-C596-4C64-BA69-52CE839B1088}.Debug|Any CPU.ActiveCfg = Debug|Any CPU
		{51F0015F-C596-4C64-BA69-52CE839B1088}.Debug|Any CPU.Build.0 = Debug|Any CPU
		{51F0015F-C596-4C64-BA69-52CE839B1088}.Release|Any CPU.ActiveCfg = Release|Any CPU
		{51F0015F-C596-4C64-BA69-52CE839B1088}.Release|Any CPU.Build.0 = Release|Any CPU
		{BA940FD5-3D86-487D-BB56-AF91779682F5}.Debug|Any CPU.ActiveCfg = Debug|Any CPU
		{BA940FD5-3D86-487D-BB56-AF91779682F5}.Debug|Any CPU.Build.0 = Debug|Any CPU
		{BA940FD5-3D86-487D-BB56-AF91779682F5}.Release|Any CPU.ActiveCfg = Release|Any CPU
		{BA940FD5-3D86-487D-BB56-AF91779682F5}.Release|Any CPU.Build.0 = Release|Any CPU
		{5C6D681C-2955-40F6-B766-716C935DE0C4}.Debug|Any CPU.ActiveCfg = Debug|Any CPU
		{5C6D681C-2955-40F6-B766-716C935DE0C4}.Debug|Any CPU.Build.0 = Debug|Any CPU
		{5C6D681C-2955-40F6-B766-716C935DE0C4}.Release|Any CPU.ActiveCfg = Release|Any CPU
		{5C6D681C-2955-40F6-B766-716C935DE0C4}.Release|Any CPU.Build.0 = Release|Any CPU
		{8CA769DF-CC53-4C03-8D9E-B7D989B2E074}.Debug|Any CPU.ActiveCfg = Debug|Any CPU
		{8CA769DF-CC53-4C03-8D9E-B7D989B2E074}.Debug|Any CPU.Build.0 = Debug|Any CPU
		{8CA769DF-CC53-4C03-8D9E-B7D989B2E074}.Release|Any CPU.ActiveCfg = Release|Any CPU
		{8CA769DF-CC53-4C03-8D9E-B7D989B2E074}.Release|Any CPU.Build.0 = Release|Any CPU
	EndGlobalSection
	GlobalSection(SolutionProperties) = preSolution
		HideSolutionNode = FALSE
	EndGlobalSection
	GlobalSection(NestedProjects) = preSolution
		{72CD8689-B666-44EC-8439-122D7D27A1F0} = {9AA023CC-4688-4D9C-A4EA-487316F1916A}
		{64152C78-DB2D-4238-A6B1-93825E9F11C2} = {9AA023CC-4688-4D9C-A4EA-487316F1916A}
		{51F0015F-C596-4C64-BA69-52CE839B1088} = {9AA023CC-4688-4D9C-A4EA-487316F1916A}
		{BA940FD5-3D86-487D-BB56-AF91779682F5} = {9AA023CC-4688-4D9C-A4EA-487316F1916A}
		{5C6D681C-2955-40F6-B766-716C935DE0C4} = {9AA023CC-4688-4D9C-A4EA-487316F1916A}
		{8CA769DF-CC53-4C03-8D9E-B7D989B2E074} = {9AA023CC-4688-4D9C-A4EA-487316F1916A}
	EndGlobalSection
	GlobalSection(ExtensibilityGlobals) = postSolution
		SolutionGuid = {1FCD8C43-098B-47E8-B16D-F0B657667FBE}
	EndGlobalSection
EndGlobal
