
Microsoft Visual Studio Solution File, Format Version 12.00
# Visual Studio 15
VisualStudioVersion = 15.0.28307.572
MinimumVisualStudioVersion = 10.0.40219.1
Project("{2150E333-8FDC-42A3-9474-1A3956D46DE8}") = "Core", "Core", "{9AA023CC-4688-4D9C-A4EA-487316F1916A}"
EndProject
Project("{9A19103F-16F7-4668-BE54-9A1E7A4F7556}") = "App.Core.Aspect", "src\Core\App.Core.Aspect\App.Core.Aspect.csproj", "{C2CAB3FC-142B-43E1-956F-B5865A03E0F9}"
EndProject
Project("{9A19103F-16F7-4668-BE54-9A1E7A4F7556}") = "App.Core.Business", "src\Core\App.Core.Business\App.Core.Business.csproj", "{33AECE59-9DD5-44B6-8A57-34332705B789}"
EndProject
Project("{9A19103F-16F7-4668-BE54-9A1E7A4F7556}") = "App.Core.DataAccess", "src\Core\App.Core.DataAccess\App.Core.DataAccess.csproj", "{4E43A1F5-B7BF-425D-934D-9A33E648C717}"
EndProject
Project("{9A19103F-16F7-4668-BE54-9A1E7A4F7556}") = "App.Core.Dto", "src\Core\App.Core.Dto\App.Core.Dto.csproj", "{39981A0C-261E-4259-A50E-FB1B443D07A4}"
EndProject
Project("{9A19103F-16F7-4668-BE54-9A1E7A4F7556}") = "App.Core.Entity", "src\Core\App.Core.Entity\App.Core.Entity.csproj", "{CB7CEA66-81F3-45DA-9C14-0D52AE36B4DD}"
EndProject
Project("{9A19103F-16F7-4668-BE54-9A1E7A4F7556}") = "App.Core.Infrastructure", "src\Core\App.Core.Infrastructure\App.Core.Infrastructure.csproj", "{F57A33D3-DA0C-4BA2-9A84-D9E1E64C29F0}"
EndProject
Project("{9A19103F-16F7-4668-BE54-9A1E7A4F7556}") = "App.Core.Repository", "src\Core\App.Core.Repository\App.Core.Repository.csproj", "{B26681DB-BD98-43E9-9419-3EF8D6F00CA2}"
EndProject
Project("{9A19103F-16F7-4668-BE54-9A1E7A4F7556}") = "App.Core.Validator", "src\Core\App.Core.Validator\App.Core.Validator.csproj", "{0060E524-E695-4634-8619-FFD59DB9B190}"
EndProject
Project("{2150E333-8FDC-42A3-9474-1A3956D46DE8}") = "Example", "Example", "{03B1F671-DD87-47DF-9A59-6AB62B9D77B7}"
EndProject
Project("{2150E333-8FDC-42A3-9474-1A3956D46DE8}") = "Test", "Test", "{DE268B03-8A85-4A07-8464-C5EF3AAD34F8}"
EndProject
Project("{2150E333-8FDC-42A3-9474-1A3956D46DE8}") = "Test", "Test", "{871B069C-43C6-491E-8D8D-0FAB76BA3B72}"
EndProject
Project("{9A19103F-16F7-4668-BE54-9A1E7A4F7556}") = "CoreMyApp.Business", "example\CoreMyApp.Business\CoreMyApp.Business.csproj", "{D68F32B8-A9D1-4E58-8489-C7C966CD29BE}"
EndProject
Project("{9A19103F-16F7-4668-BE54-9A1E7A4F7556}") = "CoreMyApp.DataAccess", "example\CoreMyApp.DataAccess\CoreMyApp.DataAccess.csproj", "{93AC637A-AFB1-409E-AD89-326993355831}"
EndProject
Project("{9A19103F-16F7-4668-BE54-9A1E7A4F7556}") = "CoreMyApp.Entities", "example\CoreMyApp.Entities\CoreMyApp.Entities.csproj", "{E27966D1-389A-456C-ACD4-7C64EEED68AC}"
EndProject
Project("{9A19103F-16F7-4668-BE54-9A1E7A4F7556}") = "CoreMyApp.Repository", "example\CoreMyApp.Repository\CoreMyApp.Repository.csproj", "{99E2643D-1B19-4E4C-84D8-0B4248CBC50A}"
EndProject
Project("{9A19103F-16F7-4668-BE54-9A1E7A4F7556}") = "CoreMyApp.WebUI", "example\CoreMyApp.WebUI\CoreMyApp.WebUI.csproj", "{C5ECB35C-D9E3-41A8-869F-1B4D7DF548F5}"
EndProject
Project("{9A19103F-16F7-4668-BE54-9A1E7A4F7556}") = "CoreMyApp.Test", "example\Test\CoreMyApp.Test\CoreMyApp.Test.csproj", "{83877286-F6EB-4611-8D6F-FBBC52097843}"
EndProject
Global
	GlobalSection(SolutionConfigurationPlatforms) = preSolution
		Debug|Any CPU = Debug|Any CPU
		Release|Any CPU = Release|Any CPU
	EndGlobalSection
	GlobalSection(ProjectConfigurationPlatforms) = postSolution
		{C2CAB3FC-142B-43E1-956F-B5865A03E0F9}.Debug|Any CPU.ActiveCfg = Debug|Any CPU
		{C2CAB3FC-142B-43E1-956F-B5865A03E0F9}.Debug|Any CPU.Build.0 = Debug|Any CPU
		{C2CAB3FC-142B-43E1-956F-B5865A03E0F9}.Release|Any CPU.ActiveCfg = Release|Any CPU
		{C2CAB3FC-142B-43E1-956F-B5865A03E0F9}.Release|Any CPU.Build.0 = Release|Any CPU
		{33AECE59-9DD5-44B6-8A57-34332705B789}.Debug|Any CPU.ActiveCfg = Debug|Any CPU
		{33AECE59-9DD5-44B6-8A57-34332705B789}.Debug|Any CPU.Build.0 = Debug|Any CPU
		{33AECE59-9DD5-44B6-8A57-34332705B789}.Release|Any CPU.ActiveCfg = Release|Any CPU
		{33AECE59-9DD5-44B6-8A57-34332705B789}.Release|Any CPU.Build.0 = Release|Any CPU
		{4E43A1F5-B7BF-425D-934D-9A33E648C717}.Debug|Any CPU.ActiveCfg = Debug|Any CPU
		{4E43A1F5-B7BF-425D-934D-9A33E648C717}.Debug|Any CPU.Build.0 = Debug|Any CPU
		{4E43A1F5-B7BF-425D-934D-9A33E648C717}.Release|Any CPU.ActiveCfg = Release|Any CPU
		{4E43A1F5-B7BF-425D-934D-9A33E648C717}.Release|Any CPU.Build.0 = Release|Any CPU
		{39981A0C-261E-4259-A50E-FB1B443D07A4}.Debug|Any CPU.ActiveCfg = Debug|Any CPU
		{39981A0C-261E-4259-A50E-FB1B443D07A4}.Debug|Any CPU.Build.0 = Debug|Any CPU
		{39981A0C-261E-4259-A50E-FB1B443D07A4}.Release|Any CPU.ActiveCfg = Release|Any CPU
		{39981A0C-261E-4259-A50E-FB1B443D07A4}.Release|Any CPU.Build.0 = Release|Any CPU
		{CB7CEA66-81F3-45DA-9C14-0D52AE36B4DD}.Debug|Any CPU.ActiveCfg = Debug|Any CPU
		{CB7CEA66-81F3-45DA-9C14-0D52AE36B4DD}.Debug|Any CPU.Build.0 = Debug|Any CPU
		{CB7CEA66-81F3-45DA-9C14-0D52AE36B4DD}.Release|Any CPU.ActiveCfg = Release|Any CPU
		{CB7CEA66-81F3-45DA-9C14-0D52AE36B4DD}.Release|Any CPU.Build.0 = Release|Any CPU
		{F57A33D3-DA0C-4BA2-9A84-D9E1E64C29F0}.Debug|Any CPU.ActiveCfg = Debug|Any CPU
		{F57A33D3-DA0C-4BA2-9A84-D9E1E64C29F0}.Debug|Any CPU.Build.0 = Debug|Any CPU
		{F57A33D3-DA0C-4BA2-9A84-D9E1E64C29F0}.Release|Any CPU.ActiveCfg = Release|Any CPU
		{F57A33D3-DA0C-4BA2-9A84-D9E1E64C29F0}.Release|Any CPU.Build.0 = Release|Any CPU
		{B26681DB-BD98-43E9-9419-3EF8D6F00CA2}.Debug|Any CPU.ActiveCfg = Debug|Any CPU
		{B26681DB-BD98-43E9-9419-3EF8D6F00CA2}.Debug|Any CPU.Build.0 = Debug|Any CPU
		{B26681DB-BD98-43E9-9419-3EF8D6F00CA2}.Release|Any CPU.ActiveCfg = Release|Any CPU
		{B26681DB-BD98-43E9-9419-3EF8D6F00CA2}.Release|Any CPU.Build.0 = Release|Any CPU
		{0060E524-E695-4634-8619-FFD59DB9B190}.Debug|Any CPU.ActiveCfg = Debug|Any CPU
		{0060E524-E695-4634-8619-FFD59DB9B190}.Debug|Any CPU.Build.0 = Debug|Any CPU
		{0060E524-E695-4634-8619-FFD59DB9B190}.Release|Any CPU.ActiveCfg = Release|Any CPU
		{0060E524-E695-4634-8619-FFD59DB9B190}.Release|Any CPU.Build.0 = Release|Any CPU
		{D68F32B8-A9D1-4E58-8489-C7C966CD29BE}.Debug|Any CPU.ActiveCfg = Debug|Any CPU
		{D68F32B8-A9D1-4E58-8489-C7C966CD29BE}.Debug|Any CPU.Build.0 = Debug|Any CPU
		{D68F32B8-A9D1-4E58-8489-C7C966CD29BE}.Release|Any CPU.ActiveCfg = Release|Any CPU
		{D68F32B8-A9D1-4E58-8489-C7C966CD29BE}.Release|Any CPU.Build.0 = Release|Any CPU
		{93AC637A-AFB1-409E-AD89-326993355831}.Debug|Any CPU.ActiveCfg = Debug|Any CPU
		{93AC637A-AFB1-409E-AD89-326993355831}.Debug|Any CPU.Build.0 = Debug|Any CPU
		{93AC637A-AFB1-409E-AD89-326993355831}.Release|Any CPU.ActiveCfg = Release|Any CPU
		{93AC637A-AFB1-409E-AD89-326993355831}.Release|Any CPU.Build.0 = Release|Any CPU
		{E27966D1-389A-456C-ACD4-7C64EEED68AC}.Debug|Any CPU.ActiveCfg = Debug|Any CPU
		{E27966D1-389A-456C-ACD4-7C64EEED68AC}.Debug|Any CPU.Build.0 = Debug|Any CPU
		{E27966D1-389A-456C-ACD4-7C64EEED68AC}.Release|Any CPU.ActiveCfg = Release|Any CPU
		{E27966D1-389A-456C-ACD4-7C64EEED68AC}.Release|Any CPU.Build.0 = Release|Any CPU
		{99E2643D-1B19-4E4C-84D8-0B4248CBC50A}.Debug|Any CPU.ActiveCfg = Debug|Any CPU
		{99E2643D-1B19-4E4C-84D8-0B4248CBC50A}.Debug|Any CPU.Build.0 = Debug|Any CPU
		{99E2643D-1B19-4E4C-84D8-0B4248CBC50A}.Release|Any CPU.ActiveCfg = Release|Any CPU
		{99E2643D-1B19-4E4C-84D8-0B4248CBC50A}.Release|Any CPU.Build.0 = Release|Any CPU
		{C5ECB35C-D9E3-41A8-869F-1B4D7DF548F5}.Debug|Any CPU.ActiveCfg = Debug|Any CPU
		{C5ECB35C-D9E3-41A8-869F-1B4D7DF548F5}.Debug|Any CPU.Build.0 = Debug|Any CPU
		{C5ECB35C-D9E3-41A8-869F-1B4D7DF548F5}.Release|Any CPU.ActiveCfg = Release|Any CPU
		{C5ECB35C-D9E3-41A8-869F-1B4D7DF548F5}.Release|Any CPU.Build.0 = Release|Any CPU
		{83877286-F6EB-4611-8D6F-FBBC52097843}.Debug|Any CPU.ActiveCfg = Debug|Any CPU
		{83877286-F6EB-4611-8D6F-FBBC52097843}.Debug|Any CPU.Build.0 = Debug|Any CPU
		{83877286-F6EB-4611-8D6F-FBBC52097843}.Release|Any CPU.ActiveCfg = Release|Any CPU
		{83877286-F6EB-4611-8D6F-FBBC52097843}.Release|Any CPU.Build.0 = Release|Any CPU
	EndGlobalSection
	GlobalSection(SolutionProperties) = preSolution
		HideSolutionNode = FALSE
	EndGlobalSection
	GlobalSection(NestedProjects) = preSolution
		{C2CAB3FC-142B-43E1-956F-B5865A03E0F9} = {9AA023CC-4688-4D9C-A4EA-487316F1916A}
		{33AECE59-9DD5-44B6-8A57-34332705B789} = {9AA023CC-4688-4D9C-A4EA-487316F1916A}
		{4E43A1F5-B7BF-425D-934D-9A33E648C717} = {9AA023CC-4688-4D9C-A4EA-487316F1916A}
		{39981A0C-261E-4259-A50E-FB1B443D07A4} = {9AA023CC-4688-4D9C-A4EA-487316F1916A}
		{CB7CEA66-81F3-45DA-9C14-0D52AE36B4DD} = {9AA023CC-4688-4D9C-A4EA-487316F1916A}
		{F57A33D3-DA0C-4BA2-9A84-D9E1E64C29F0} = {9AA023CC-4688-4D9C-A4EA-487316F1916A}
		{B26681DB-BD98-43E9-9419-3EF8D6F00CA2} = {9AA023CC-4688-4D9C-A4EA-487316F1916A}
		{0060E524-E695-4634-8619-FFD59DB9B190} = {9AA023CC-4688-4D9C-A4EA-487316F1916A}
		{DE268B03-8A85-4A07-8464-C5EF3AAD34F8} = {9AA023CC-4688-4D9C-A4EA-487316F1916A}
		{871B069C-43C6-491E-8D8D-0FAB76BA3B72} = {03B1F671-DD87-47DF-9A59-6AB62B9D77B7}
		{D68F32B8-A9D1-4E58-8489-C7C966CD29BE} = {03B1F671-DD87-47DF-9A59-6AB62B9D77B7}
		{93AC637A-AFB1-409E-AD89-326993355831} = {03B1F671-DD87-47DF-9A59-6AB62B9D77B7}
		{E27966D1-389A-456C-ACD4-7C64EEED68AC} = {03B1F671-DD87-47DF-9A59-6AB62B9D77B7}
		{99E2643D-1B19-4E4C-84D8-0B4248CBC50A} = {03B1F671-DD87-47DF-9A59-6AB62B9D77B7}
		{C5ECB35C-D9E3-41A8-869F-1B4D7DF548F5} = {03B1F671-DD87-47DF-9A59-6AB62B9D77B7}
		{83877286-F6EB-4611-8D6F-FBBC52097843} = {871B069C-43C6-491E-8D8D-0FAB76BA3B72}
	EndGlobalSection
	GlobalSection(ExtensibilityGlobals) = postSolution
		SolutionGuid = {1FCD8C43-098B-47E8-B16D-F0B657667FBE}
	EndGlobalSection
EndGlobal
